version: 7
platforms:
- name: osx-arm64
  virtual-packages:
  - __unix=0=0
  - __osx=13.0
  - __archspec=0=m1
environments:
  default:
    channels:
    - url: https://conda.anaconda.org/conda-forge/
    packages:
      osx-arm64:
      - conda: https://conda.anaconda.org/conda-forge/osx-arm64/dart-sass-1.102.0-h820172f_0.conda
      - conda: https://conda.anaconda.org/conda-forge/osx-arm64/deno-2.4.5-h248350f_0.conda
      - conda: https://conda.anaconda.org/conda-forge/osx-arm64/deno-dom-0.1.41-hde76f7a_0.conda
      - conda: https://conda.anaconda.org/conda-forge/osx-arm64/esbuild-0.28.1-hf76c51c_0.conda
      - conda: https://conda.anaconda.org/conda-forge/osx-arm64/libzlib-1.3.2-h8088a28_3.conda
      - conda: https://conda.anaconda.org/conda-forge/osx-arm64/pandoc-3.8.3-hce30654_0.conda
      - conda: https://conda.anaconda.org/conda-forge/osx-arm64/quarto-1.9.38-h78c4bfd_0.conda
      - conda: https://conda.anaconda.org/conda-forge/osx-arm64/typst-0.14.2-hd1458d2_0.conda
packages:
- conda: https://conda.anaconda.org/conda-forge/osx-arm64/dart-sass-1.102.0-h820172f_0.conda
  sha256: 03284917c08187847c77758ed5648201c5a835deeb53c4431e012bdfb5bd20b9
  md5: 611d66c6fd646b5b49e5bf5ba76512d1
  license: MIT
  license_family: MIT
  run_exports: {}
  size: 3763399
  timestamp: 1784947183174
- conda: https://conda.anaconda.org/conda-forge/osx-arm64/deno-2.4.5-h248350f_0.conda
  sha256: a58cfdd110f9a08f60ba9636094096a0665bbcd47422fa9eb4aa510801175ec0
  md5: 2190a7bbed5d068ea14c6dc9db1c0f09
  depends:
  - __osx >=11.0
  - libzlib >=1.3.2,<2.0a0
  constrains:
  - __osx >=11.0
  license: MIT
  license_family: MIT
  run_exports: {}
  size: 35445880
  timestamp: 1776774792403
- conda: https://conda.anaconda.org/conda-forge/osx-arm64/deno-dom-0.1.41-hde76f7a_0.conda
  sha256: 4a92d9c785bccae80961875900eb7b86149737b7a219e66b27dfcbfff4a1798b
  md5: 02bff7fa3d076f6351ef027cd682c6e4
  depends:
  - __osx >=11.0
  - deno >=1.24.2
  constrains:
  - __osx >=11.0
  license: MIT
  license_family: MIT
  run_exports: {}
  size: 367613
  timestamp: 1736703524102
- conda: https://conda.anaconda.org/conda-forge/osx-arm64/esbuild-0.28.1-hf76c51c_0.conda
  sha256: 340c65b3acdbe58b815b363304f93a25dd5cfd96bc0479b24f3d656b71522853
  md5: 7023b247571c6428ac7752c87193d68d
  license: MIT
  license_family: MIT
  run_exports: {}
  size: 4033332
  timestamp: 1781248962480
- conda: https://conda.anaconda.org/conda-forge/osx-arm64/libzlib-1.3.2-h8088a28_3.conda
  sha256: a18fa5d5bac452401459f966cf0d872224e8080c4ff93c77e168d43ab42ef9d7
  md5: f39288f0ea63ae962e1a2e4f355a0d75
  depends:
  - __osx >=11.0
  constrains:
  - zlib 1.3.2 *_3
  license: Zlib
  license_family: Other
  run_exports:
    weak:
    - libzlib >=1.3.2,<2.0a0
  size: 47822
  timestamp: 1785277049190
- conda: https://conda.anaconda.org/conda-forge/osx-arm64/pandoc-3.8.3-hce30654_0.conda
  sha256: 39af2080d16088c0b9c19db5d0f8b2c845e70c428126a4773d0e54b609d8af91
  md5: 68bc0f4209fe5cbb03a401177f3a36c2
  license: GPL-2.0-or-later
  license_family: GPL
  run_exports: {}
  size: 28522262
  timestamp: 1764589967786
- conda: https://conda.anaconda.org/conda-forge/osx-arm64/quarto-1.9.38-h78c4bfd_0.conda
  sha256: 76d9c068ee8bdfd7b198b0aff9e0fbd9f69ede8b9c0f6480135ce437860ab3e9
  md5: 181bc833726b113f12aae8ccca6ba500
  depends:
  - __osx >=11.0
  - dart-sass
  - deno >=2.4.5,<2.4.6.0a0
  - deno-dom >=0.1.41,<0.1.42.0a0
  - esbuild
  - pandoc 3.8.3
  - typst 0.14.2
  constrains:
  - __osx >=11.0
  license: MIT
  license_family: MIT
  run_exports: {}
  size: 25892459
  timestamp: 1779790473219
- conda: https://conda.anaconda.org/conda-forge/osx-arm64/typst-0.14.2-hd1458d2_0.conda
  sha256: 201e08fc74e3dc8161d583bb50d23ae07b4537c5efa41c8a7e1ba46a30261ea6
  md5: 750223ac708cb65d0d32fa61d84e35e4
  depends:
  - __osx >=11.0
  constrains:
  - __osx >=11.0
  license: Apache-2.0
  license_family: Apache
  run_exports: {}
  size: 14708782
  timestamp: 1765697750603
