version: 6
environments:
  default:
    channels:
    - url: https://conda.anaconda.org/conda-forge/
    packages:
      osx-arm64:
      - conda: https://conda.anaconda.org/conda-forge/osx-arm64/dart-sass-1.59.1-hce30654_0.conda
      - conda: https://conda.anaconda.org/conda-forge/osx-arm64/deno-1.46.3-hce30654_0.conda
      - conda: https://conda.anaconda.org/conda-forge/osx-arm64/deno-dom-0.1.41-hde76f7a_0.conda
      - conda: https://conda.anaconda.org/conda-forge/osx-arm64/esbuild-0.25.6-hce30654_0.conda
      - conda: https://conda.anaconda.org/conda-forge/osx-arm64/pandoc-3.6.3-hce30654_0.conda
      - conda: https://conda.anaconda.org/conda-forge/osx-arm64/quarto-1.7.32-hce30654_0.conda
      - conda: https://conda.anaconda.org/conda-forge/osx-arm64/typst-0.13.0-h0716509_0.conda
packages:
- conda: https://conda.anaconda.org/conda-forge/osx-arm64/dart-sass-1.59.1-hce30654_0.conda
  sha256: ab31b6ddd47766305f92071ae22e6ed35db09f8b1b0cc372bb562d2e60a7e98e
  md5: 217f2882952b396525f65c213785ba3b
  license: MIT
  license_family: MIT
  size: 2558960
  timestamp: 1747420435027
- conda: https://conda.anaconda.org/conda-forge/osx-arm64/deno-1.46.3-hce30654_0.conda
  sha256: 6e6e06a5dbde738df5e1335cd71e1fd74c7539a7e4cb7b0571d6fd14811e00fe
  md5: d6f7f532d1897c514586996b0bcbcf91
  license: MIT
  license_family: MIT
  size: 33913099
  timestamp: 1726022556352
- conda: https://conda.anaconda.org/conda-forge/osx-arm64/deno-dom-0.1.41-hde76f7a_0.conda
  sha256: 4a92d9c785bccae80961875900eb7b86149737b7a219e66b27dfcbfff4a1798b
  md5: 02bff7fa3d076f6351ef027cd682c6e4
  depends:
  - __osx >=11.0
  - deno >=1.24.2
  constrains:
  - __osx >=11.0
  license: MIT
  license_family: MIT
  size: 367613
  timestamp: 1736703524102
- conda: https://conda.anaconda.org/conda-forge/osx-arm64/esbuild-0.25.6-hce30654_0.conda
  sha256: 9508f61788a8927d8aacd9d20e63221985c953e5e66fac19f4fe125d281409e6
  md5: 3aa69cfe9db81dbaad446a02f055704a
  license: MIT
  license_family: MIT
  size: 3532314
  timestamp: 1751963001351
- conda: https://conda.anaconda.org/conda-forge/osx-arm64/pandoc-3.6.3-hce30654_0.conda
  sha256: 2013114d2405b4a4e9d9b62522eb09111e1b9e3cd2e902a42e7ccc8a88a2b05a
  md5: 41603d280df06636257acd79ea326be9
  license: GPL-2.0-or-later
  license_family: GPL
  size: 23273280
  timestamp: 1739197846659
- conda: https://conda.anaconda.org/conda-forge/osx-arm64/quarto-1.7.32-hce30654_0.conda
  sha256: 1bb74c9077b57cf653dc12ba2a0f05ba426864d95a2d5ba008dd1083fb952592
  md5: 81fbf6241ae6d5fb140d4d77441a17bd
  depends:
  - dart-sass
  - deno >=1.46.3,<1.46.4.0a0
  - deno-dom >=0.1.41,<0.1.42.0a0
  - esbuild
  - pandoc 3.6.3
  - typst 0.13.0
  license: MIT
  license_family: MIT
  size: 15676474
  timestamp: 1750116455400
- conda: https://conda.anaconda.org/conda-forge/osx-arm64/typst-0.13.0-h0716509_0.conda
  sha256: 437d1fcf1f29ec61f530a6f1299970bfdc04a52fe546d0ccf21563f5db26a5af
  md5: fcc809661fab9e87dfa21e35fe33299a
  depends:
  - __osx >=11.0
  constrains:
  - __osx >=11.0
  license: Apache-2.0
  license_family: Apache
  size: 12553348
  timestamp: 1739976396186
